
Microsoft Visual Studio Solution File, Format Version 12.00
# Visual Studio Version 17
VisualStudioVersion = 17.1.32421.90
MinimumVisualStudioVersion = 10.0.40219.1
Project("{9A19103F-16F7-4668-BE54-9A1E7A4F7556}") = "Web.Mortgage.UITests", "Mortgage.Tests\Web.Mortgage.UITests.csproj", "{B4A8AAB0-AF4B-489E-ABF7-97DF6ACC96A1}"
EndProject
Global
	GlobalSection(SolutionConfigurationPlatforms) = preSolution
		Debug|Any CPU = Debug|Any CPU
		Release|Any CPU = Release|Any CPU
	EndGlobalSection
	GlobalSection(ProjectConfigurationPlatforms) = postSolution
		{B4A8AAB0-AF4B-489E-ABF7-97DF6ACC96A1}.Debug|Any CPU.ActiveCfg = Debug|Any CPU
		{B4A8AAB0-AF4B-489E-ABF7-97DF6ACC96A1}.Debug|Any CPU.Build.0 = Debug|Any CPU
		{B4A8AAB0-AF4B-489E-ABF7-97DF6ACC96A1}.Release|Any CPU.ActiveCfg = Release|Any CPU
		{B4A8AAB0-AF4B-489E-ABF7-97DF6ACC96A1}.Release|Any CPU.Build.0 = Release|Any CPU
	EndGlobalSection
	GlobalSection(SolutionProperties) = preSolution
		HideSolutionNode = FALSE
	EndGlobalSection
	GlobalSection(ExtensibilityGlobals) = postSolution
		SolutionGuid = {2713113F-FD7B-4644-843D-9C5405E56C9B}
	EndGlobalSection
EndGlobal
